
Microsoft Visual Studio Solution File, Format Version 12.00
# Visual Studio 15
VisualStudioVersion = 15.0.28010.2050
MinimumVisualStudioVersion = 10.0.40219.1
Project("{FAE04EC0-301F-11D3-BF4B-00C04F79EFBC}") = "Site", "Site\Site.csproj", "{0CCF6364-9EDD-40DF-810A-7EC6C4D56629}"
EndProject
Global
	GlobalSection(SolutionConfigurationPlatforms) = preSolution
		Debug|Any CPU = Debug|Any CPU
		Release|Any CPU = Release|Any CPU
	EndGlobalSection
	GlobalSection(ProjectConfigurationPlatforms) = postSolution
		{0CCF6364-9EDD-40DF-810A-7EC6C4D56629}.Debug|Any CPU.ActiveCfg = Debug|Any CPU
		{0CCF6364-9EDD-40DF-810A-7EC6C4D56629}.Debug|Any CPU.Build.0 = Debug|Any CPU
		{0CCF6364-9EDD-40DF-810A-7EC6C4D56629}.Release|Any CPU.ActiveCfg = Release|Any CPU
		{0CCF6364-9EDD-40DF-810A-7EC6C4D56629}.Release|Any CPU.Build.0 = Release|Any CPU
	EndGlobalSection
	GlobalSection(SolutionProperties) = preSolution
		HideSolutionNode = FALSE
	EndGlobalSection
	GlobalSection(ExtensibilityGlobals) = postSolution
		SolutionGuid = {66452B57-81EB-43D3-BB28-5E48FD70BAE9}
	EndGlobalSection
EndGlobal
